// !$*UTF8*$!
{
	archiveVersion = 1;
	classes = {
	};
	objectVersion = 46;
	objects = {

/* Begin PBXBuildFile section */
		3905D1741CB305EC00D6ABE6 /* SWRevealViewController.m in Sources */ = {isa = PBXBuildFile; fileRef = 3905D1731CB305EC00D6ABE6 /* SWRevealViewController.m */; };
		3918B42D1CA361E200E16407 /* GroupsSearchResultsTableViewController.swift in Sources */ = {isa = PBXBuildFile; fileRef = 3918B42C1CA361E200E16407 /* GroupsSearchResultsTableViewController.swift */; };
		3918B42F1CA3651E00E16407 /* GroupProfileViewController.swift in Sources */ = {isa = PBXBuildFile; fileRef = 3918B42E1CA3651E00E16407 /* GroupProfileViewController.swift */; };
		392A9D141CA48D8D00964522 /* ChatViewController.swift in Sources */ = {isa = PBXBuildFile; fileRef = 392A9D131CA48D8D00964522 /* ChatViewController.swift */; };
		3938FBCA1C8F7BEE00BAD9CD /* AppDelegate.swift in Sources */ = {isa = PBXBuildFile; fileRef = 3938FBC91C8F7BEE00BAD9CD /* AppDelegate.swift */; };
		3938FBCF1C8F7BEE00BAD9CD /* Main.storyboard in Resources */ = {isa = PBXBuildFile; fileRef = 3938FBCD1C8F7BEE00BAD9CD /* Main.storyboard */; };
		3938FBD11C8F7BEE00BAD9CD /* Assets.xcassets in Resources */ = {isa = PBXBuildFile; fileRef = 3938FBD01C8F7BEE00BAD9CD /* Assets.xcassets */; };
		3938FBD41C8F7BEE00BAD9CD /* LaunchScreen.storyboard in Resources */ = {isa = PBXBuildFile; fileRef = 3938FBD21C8F7BEE00BAD9CD /* LaunchScreen.storyboard */; };
		3938FBDC1C8F806E00BAD9CD /* LoginViewController.swift in Sources */ = {isa = PBXBuildFile; fileRef = 3938FBDB1C8F806E00BAD9CD /* LoginViewController.swift */; };
		3938FBDE1C8F809100BAD9CD /* SignUpViewController.swift in Sources */ = {isa = PBXBuildFile; fileRef = 3938FBDD1C8F809100BAD9CD /* SignUpViewController.swift */; };
		3938FBE01C8F80CC00BAD9CD /* YourGroupsViewController.swift in Sources */ = {isa = PBXBuildFile; fileRef = 3938FBDF1C8F80CC00BAD9CD /* YourGroupsViewController.swift */; };
		3938FBE21C8F80EA00BAD9CD /* AddGroupTableViewController.swift in Sources */ = {isa = PBXBuildFile; fileRef = 3938FBE11C8F80EA00BAD9CD /* AddGroupTableViewController.swift */; };
		3938FBE41C8F810800BAD9CD /* GroupChatsListTableViewController.swift in Sources */ = {isa = PBXBuildFile; fileRef = 3938FBE31C8F810800BAD9CD /* GroupChatsListTableViewController.swift */; };
		3938FBE91C8F874A00BAD9CD /* User.swift in Sources */ = {isa = PBXBuildFile; fileRef = 3938FBE81C8F874A00BAD9CD /* User.swift */; };
		3938FBEB1C8F875300BAD9CD /* Group.swift in Sources */ = {isa = PBXBuildFile; fileRef = 3938FBEA1C8F875300BAD9CD /* Group.swift */; };
		3938FBF11C8F8A7B00BAD9CD /* Message.swift in Sources */ = {isa = PBXBuildFile; fileRef = 3938FBF01C8F8A7B00BAD9CD /* Message.swift */; };
		3938FBF31C8F8B7C00BAD9CD /* FirebaseController.swift in Sources */ = {isa = PBXBuildFile; fileRef = 3938FBF21C8F8B7C00BAD9CD /* FirebaseController.swift */; };
		3938FBF61C8F8BAE00BAD9CD /* Firebase.framework in Frameworks */ = {isa = PBXBuildFile; fileRef = 3938FBF41C8F8BA600BAD9CD /* Firebase.framework */; };
		3938FBFA1C8F8BBF00BAD9CD /* Security.framework in Frameworks */ = {isa = PBXBuildFile; fileRef = 3938FBF91C8F8BBF00BAD9CD /* Security.framework */; };
		3938FBFC1C8F8BC600BAD9CD /* SystemConfiguration.framework in Frameworks */ = {isa = PBXBuildFile; fileRef = 3938FBFB1C8F8BC600BAD9CD /* SystemConfiguration.framework */; };
		3938FBFE1C8F8BD400BAD9CD /* CFNetwork.framework in Frameworks */ = {isa = PBXBuildFile; fileRef = 3938FBFD1C8F8BD400BAD9CD /* CFNetwork.framework */; };
		3938FC001C8F8BDA00BAD9CD /* libicucore.tbd in Frameworks */ = {isa = PBXBuildFile; fileRef = 3938FBFF1C8F8BDA00BAD9CD /* libicucore.tbd */; };
		3938FC021C8F8BE200BAD9CD /* libc++.tbd in Frameworks */ = {isa = PBXBuildFile; fileRef = 3938FC011C8F8BE200BAD9CD /* libc++.tbd */; };
		3938FC051C8F8D1100BAD9CD /* UserController.swift in Sources */ = {isa = PBXBuildFile; fileRef = 3938FC041C8F8D1100BAD9CD /* UserController.swift */; };
		3938FC071C8F8D2100BAD9CD /* GroupController.swift in Sources */ = {isa = PBXBuildFile; fileRef = 3938FC061C8F8D2100BAD9CD /* GroupController.swift */; };
		3938FC091C8F8D2900BAD9CD /* ConversationController.swift in Sources */ = {isa = PBXBuildFile; fileRef = 3938FC081C8F8D2900BAD9CD /* ConversationController.swift */; };
		3938FC0B1C8F8D5500BAD9CD /* Conversation.swift in Sources */ = {isa = PBXBuildFile; fileRef = 3938FC0A1C8F8D5500BAD9CD /* Conversation.swift */; };
		3938FC0E1C8F993700BAD9CD /* MessageController.swift in Sources */ = {isa = PBXBuildFile; fileRef = 3938FC0D1C8F993700BAD9CD /* MessageController.swift */; };
		394D73221CA9C4AA00505DDD /* ChatTableViewCell.swift in Sources */ = {isa = PBXBuildFile; fileRef = 394D73211CA9C4AA00505DDD /* ChatTableViewCell.swift */; };
		394D73241CA9CC2100505DDD /* ColorPallet.swift in Sources */ = {isa = PBXBuildFile; fileRef = 394D73231CA9CC2100505DDD /* ColorPallet.swift */; };
		396BE9FC1CAB16A3004DB4F1 /* ConversationListTableViewCell.swift in Sources */ = {isa = PBXBuildFile; fileRef = 396BE9FB1CAB16A3004DB4F1 /* ConversationListTableViewCell.swift */; };
		39FC76C31CB586F500BCE1A8 /* ImageController.swift in Sources */ = {isa = PBXBuildFile; fileRef = 39FC76C21CB586F500BCE1A8 /* ImageController.swift */; };
		39FC76C51CB58AA300BCE1A8 /* SettingsViewController.swift in Sources */ = {isa = PBXBuildFile; fileRef = 39FC76C41CB58AA300BCE1A8 /* SettingsViewController.swift */; };
		39FC76C91CB5CB2400BCE1A8 /* Image.swift in Sources */ = {isa = PBXBuildFile; fileRef = 39FC76C81CB5CB2400BCE1A8 /* Image.swift */; };
		39FC76CB1CB5E9D000BCE1A8 /* GroupProfileTableViewCell.swift in Sources */ = {isa = PBXBuildFile; fileRef = 39FC76CA1CB5E9D000BCE1A8 /* GroupProfileTableViewCell.swift */; };
/* End PBXBuildFile section */

/* Begin PBXCopyFilesBuildPhase section */
		3938FBF81C8F8BAE00BAD9CD /* Embed Frameworks */ = {
			isa = PBXCopyFilesBuildPhase;
			buildActionMask = 8;
			dstPath = "";
			dstSubfolderSpec = 10;
			files = (
			);
			name = "Embed Frameworks";
			runOnlyForDeploymentPostprocessing = 1;
		};
/* End PBXCopyFilesBuildPhase section */

/* Begin PBXFileReference section */
		3905D1711CB305EB00D6ABE6 /* GroupToGroup-Bridging-Header.h */ = {isa = PBXFileReference; lastKnownFileType = sourcecode.c.h; path = "GroupToGroup-Bridging-Header.h"; sourceTree = "<group>"; };
		3905D1721CB305EC00D6ABE6 /* SWRevealViewController.h */ = {isa = PBXFileReference; fileEncoding = 4; lastKnownFileType = sourcecode.c.h; path = SWRevealViewController.h; sourceTree = "<group>"; };
		3905D1731CB305EC00D6ABE6 /* SWRevealViewController.m */ = {isa = PBXFileReference; fileEncoding = 4; lastKnownFileType = sourcecode.c.objc; path = SWRevealViewController.m; sourceTree = "<group>"; };
		3918B42C1CA361E200E16407 /* GroupsSearchResultsTableViewController.swift */ = {isa = PBXFileReference; fileEncoding = 4; lastKnownFileType = sourcecode.swift; path = GroupsSearchResultsTableViewController.swift; sourceTree = "<group>"; };
		3918B42E1CA3651E00E16407 /* GroupProfileViewController.swift */ = {isa = PBXFileReference; fileEncoding = 4; lastKnownFileType = sourcecode.swift; path = GroupProfileViewController.swift; sourceTree = "<group>"; };
		392A9D131CA48D8D00964522 /* ChatViewController.swift */ = {isa = PBXFileReference; fileEncoding = 4; lastKnownFileType = sourcecode.swift; path = ChatViewController.swift; sourceTree = "<group>"; };
		3938FBC61C8F7BEE00BAD9CD /* GroupToGroup.app */ = {isa = PBXFileReference; explicitFileType = wrapper.application; includeInIndex = 0; path = GroupToGroup.app; sourceTree = BUILT_PRODUCTS_DIR; };
		3938FBC91C8F7BEE00BAD9CD /* AppDelegate.swift */ = {isa = PBXFileReference; lastKnownFileType = sourcecode.swift; path = AppDelegate.swift; sourceTree = "<group>"; };
		3938FBCE1C8F7BEE00BAD9CD /* Base */ = {isa = PBXFileReference; lastKnownFileType = file.storyboard; name = Base; path = Base.lproj/Main.storyboard; sourceTree = "<group>"; };
		3938FBD01C8F7BEE00BAD9CD /* Assets.xcassets */ = {isa = PBXFileReference; lastKnownFileType = folder.assetcatalog; path = Assets.xcassets; sourceTree = "<group>"; };
		3938FBD31C8F7BEE00BAD9CD /* Base */ = {isa = PBXFileReference; lastKnownFileType = file.storyboard; name = Base; path = Base.lproj/LaunchScreen.storyboard; sourceTree = "<group>"; };
		3938FBD51C8F7BEE00BAD9CD /* Info.plist */ = {isa = PBXFileReference; lastKnownFileType = text.plist.xml; path = Info.plist; sourceTree = "<group>"; };
		3938FBDB1C8F806E00BAD9CD /* LoginViewController.swift */ = {isa = PBXFileReference; fileEncoding = 4; lastKnownFileType = sourcecode.swift; path = LoginViewController.swift; sourceTree = "<group>"; };
		3938FBDD1C8F809100BAD9CD /* SignUpViewController.swift */ = {isa = PBXFileReference; fileEncoding = 4; lastKnownFileType = sourcecode.swift; path = SignUpViewController.swift; sourceTree = "<group>"; };
		3938FBDF1C8F80CC00BAD9CD /* YourGroupsViewController.swift */ = {isa = PBXFileReference; fileEncoding = 4; lastKnownFileType = sourcecode.swift; path = YourGroupsViewController.swift; sourceTree = "<group>"; };
		3938FBE11C8F80EA00BAD9CD /* AddGroupTableViewController.swift */ = {isa = PBXFileReference; fileEncoding = 4; lastKnownFileType = sourcecode.swift; path = AddGroupTableViewController.swift; sourceTree = "<group>"; };
		3938FBE31C8F810800BAD9CD /* GroupChatsListTableViewController.swift */ = {isa = PBXFileReference; fileEncoding = 4; lastKnownFileType = sourcecode.swift; path = GroupChatsListTableViewController.swift; sourceTree = "<group>"; };
		3938FBE81C8F874A00BAD9CD /* User.swift */ = {isa = PBXFileReference; fileEncoding = 4; lastKnownFileType = sourcecode.swift; path = User.swift; sourceTree = "<group>"; };
		3938FBEA1C8F875300BAD9CD /* Group.swift */ = {isa = PBXFileReference; fileEncoding = 4; lastKnownFileType = sourcecode.swift; path = Group.swift; sourceTree = "<group>"; };
		3938FBF01C8F8A7B00BAD9CD /* Message.swift */ = {isa = PBXFileReference; fileEncoding = 4; lastKnownFileType = sourcecode.swift; path = Message.swift; sourceTree = "<group>"; };
		3938FBF21C8F8B7C00BAD9CD /* FirebaseController.swift */ = {isa = PBXFileReference; fileEncoding = 4; lastKnownFileType = sourcecode.swift; path = FirebaseController.swift; sourceTree = "<group>"; };
		3938FBF41C8F8BA600BAD9CD /* Firebase.framework */ = {isa = PBXFileReference; lastKnownFileType = wrapper.framework; name = Firebase.framework; path = GroupToGroup/Firebase.framework; sourceTree = "<group>"; };
		3938FBF91C8F8BBF00BAD9CD /* Security.framework */ = {isa = PBXFileReference; lastKnownFileType = wrapper.framework; name = Security.framework; path = System/Library/Frameworks/Security.framework; sourceTree = SDKROOT; };
		3938FBFB1C8F8BC600BAD9CD /* SystemConfiguration.framework */ = {isa = PBXFileReference; lastKnownFileType = wrapper.framework; name = SystemConfiguration.framework; path = System/Library/Frameworks/SystemConfiguration.framework; sourceTree = SDKROOT; };
		3938FBFD1C8F8BD400BAD9CD /* CFNetwork.framework */ = {isa = PBXFileReference; lastKnownFileType = wrapper.framework; name = CFNetwork.framework; path = System/Library/Frameworks/CFNetwork.framework; sourceTree = SDKROOT; };
		3938FBFF1C8F8BDA00BAD9CD /* libicucore.tbd */ = {isa = PBXFileReference; lastKnownFileType = "sourcecode.text-based-dylib-definition"; name = libicucore.tbd; path = usr/lib/libicucore.tbd; sourceTree = SDKROOT; };
		3938FC011C8F8BE200BAD9CD /* libc++.tbd */ = {isa = PBXFileReference; lastKnownFileType = "sourcecode.text-based-dylib-definition"; name = "libc++.tbd"; path = "usr/lib/libc++.tbd"; sourceTree = SDKROOT; };
		3938FC041C8F8D1100BAD9CD /* UserController.swift */ = {isa = PBXFileReference; fileEncoding = 4; lastKnownFileType = sourcecode.swift; path = UserController.swift; sourceTree = "<group>"; };
		3938FC061C8F8D2100BAD9CD /* GroupController.swift */ = {isa = PBXFileReference; fileEncoding = 4; lastKnownFileType = sourcecode.swift; path = GroupController.swift; sourceTree = "<group>"; };
		3938FC081C8F8D2900BAD9CD /* ConversationController.swift */ = {isa = PBXFileReference; fileEncoding = 4; lastKnownFileType = sourcecode.swift; path = ConversationController.swift; sourceTree = "<group>"; };
		3938FC0A1C8F8D5500BAD9CD /* Conversation.swift */ = {isa = PBXFileReference; fileEncoding = 4; lastKnownFileType = sourcecode.swift; path = Conversation.swift; sourceTree = "<group>"; };
		3938FC0D1C8F993700BAD9CD /* MessageController.swift */ = {isa = PBXFileReference; fileEncoding = 4; lastKnownFileType = sourcecode.swift; path = MessageController.swift; sourceTree = "<group>"; };
		394D73211CA9C4AA00505DDD /* ChatTableViewCell.swift */ = {isa = PBXFileReference; fileEncoding = 4; lastKnownFileType = sourcecode.swift; path = ChatTableViewCell.swift; sourceTree = "<group>"; };
		394D73231CA9CC2100505DDD /* ColorPallet.swift */ = {isa = PBXFileReference; fileEncoding = 4; lastKnownFileType = sourcecode.swift; path = ColorPallet.swift; sourceTree = "<group>"; };
		396BE9FB1CAB16A3004DB4F1 /* ConversationListTableViewCell.swift */ = {isa = PBXFileReference; fileEncoding = 4; lastKnownFileType = sourcecode.swift; path = ConversationListTableViewCell.swift; sourceTree = "<group>"; };
		39FC76C21CB586F500BCE1A8 /* ImageController.swift */ = {isa = PBXFileReference; fileEncoding = 4; lastKnownFileType = sourcecode.swift; path = ImageController.swift; sourceTree = "<group>"; };
		39FC76C41CB58AA300BCE1A8 /* SettingsViewController.swift */ = {isa = PBXFileReference; fileEncoding = 4; lastKnownFileType = sourcecode.swift; path = SettingsViewController.swift; sourceTree = "<group>"; };
		39FC76C81CB5CB2400BCE1A8 /* Image.swift */ = {isa = PBXFileReference; fileEncoding = 4; lastKnownFileType = sourcecode.swift; path = Image.swift; sourceTree = "<group>"; };
		39FC76CA1CB5E9D000BCE1A8 /* GroupProfileTableViewCell.swift */ = {isa = PBXFileReference; fileEncoding = 4; lastKnownFileType = sourcecode.swift; path = GroupProfileTableViewCell.swift; sourceTree = "<group>"; };
/* End PBXFileReference section */

/* Begin PBXFrameworksBuildPhase section */
		3938FBC31C8F7BEE00BAD9CD /* Frameworks */ = {
			isa = PBXFrameworksBuildPhase;
			buildActionMask = 2147483647;
			files = (
				3938FC021C8F8BE200BAD9CD /* libc++.tbd in Frameworks */,
				3938FC001C8F8BDA00BAD9CD /* libicucore.tbd in Frameworks */,
				3938FBFE1C8F8BD400BAD9CD /* CFNetwork.framework in Frameworks */,
				3938FBFC1C8F8BC600BAD9CD /* SystemConfiguration.framework in Frameworks */,
				3938FBFA1C8F8BBF00BAD9CD /* Security.framework in Frameworks */,
				3938FBF61C8F8BAE00BAD9CD /* Firebase.framework in Frameworks */,
			);
			runOnlyForDeploymentPostprocessing = 0;
		};
/* End PBXFrameworksBuildPhase section */

/* Begin PBXGroup section */
		3905D1701CB305DC00D6ABE6 /* Supporting Files */ = {
			isa = PBXGroup;
			children = (
				3938FBD51C8F7BEE00BAD9CD /* Info.plist */,
				3905D1721CB305EC00D6ABE6 /* SWRevealViewController.h */,
				3905D1731CB305EC00D6ABE6 /* SWRevealViewController.m */,
				3905D1711CB305EB00D6ABE6 /* GroupToGroup-Bridging-Header.h */,
			);
			name = "Supporting Files";
			sourceTree = "<group>";
		};
		3938FBBD1C8F7BEE00BAD9CD = {
			isa = PBXGroup;
			children = (
				3938FC031C8F8BE800BAD9CD /* Frameworks */,
				3938FBC81C8F7BEE00BAD9CD /* GroupToGroup */,
				3938FBC71C8F7BEE00BAD9CD /* Products */,
			);
			sourceTree = "<group>";
		};
		3938FBC71C8F7BEE00BAD9CD /* Products */ = {
			isa = PBXGroup;
			children = (
				3938FBC61C8F7BEE00BAD9CD /* GroupToGroup.app */,
			);
			name = Products;
			sourceTree = "<group>";
		};
		3938FBC81C8F7BEE00BAD9CD /* GroupToGroup */ = {
			isa = PBXGroup;
			children = (
				3938FBC91C8F7BEE00BAD9CD /* AppDelegate.swift */,
				3938FBCD1C8F7BEE00BAD9CD /* Main.storyboard */,
				3938FBEE1C8F876900BAD9CD /* Models */,
				3938FC0C1C8F8D5D00BAD9CD /* Model Controllers */,
				3938FBE71C8F872700BAD9CD /* ViewControllers */,
				3938FBD01C8F7BEE00BAD9CD /* Assets.xcassets */,
				394D73231CA9CC2100505DDD /* ColorPallet.swift */,
				3938FBD21C8F7BEE00BAD9CD /* LaunchScreen.storyboard */,
				3905D1701CB305DC00D6ABE6 /* Supporting Files */,
			);
			path = GroupToGroup;
			sourceTree = "<group>";
		};
		3938FBE71C8F872700BAD9CD /* ViewControllers */ = {
			isa = PBXGroup;
			children = (
				3938FBDB1C8F806E00BAD9CD /* LoginViewController.swift */,
				3938FBDD1C8F809100BAD9CD /* SignUpViewController.swift */,
				39FC76C41CB58AA300BCE1A8 /* SettingsViewController.swift */,
				3938FBDF1C8F80CC00BAD9CD /* YourGroupsViewController.swift */,
				3938FBE31C8F810800BAD9CD /* GroupChatsListTableViewController.swift */,
				396BE9FB1CAB16A3004DB4F1 /* ConversationListTableViewCell.swift */,
				3938FBE11C8F80EA00BAD9CD /* AddGroupTableViewController.swift */,
				3918B42C1CA361E200E16407 /* GroupsSearchResultsTableViewController.swift */,
				3918B42E1CA3651E00E16407 /* GroupProfileViewController.swift */,
				39FC76CA1CB5E9D000BCE1A8 /* GroupProfileTableViewCell.swift */,
				392A9D131CA48D8D00964522 /* ChatViewController.swift */,
				394D73211CA9C4AA00505DDD /* ChatTableViewCell.swift */,
			);
			name = ViewControllers;
			sourceTree = "<group>";
		};
		3938FBEE1C8F876900BAD9CD /* Models */ = {
			isa = PBXGroup;
			children = (
				3938FBE81C8F874A00BAD9CD /* User.swift */,
				3938FBEA1C8F875300BAD9CD /* Group.swift */,
				3938FC0A1C8F8D5500BAD9CD /* Conversation.swift */,
				3938FBF01C8F8A7B00BAD9CD /* Message.swift */,
				39FC76C81CB5CB2400BCE1A8 /* Image.swift */,
			);
			name = Models;
			sourceTree = "<group>";
		};
		3938FC031C8F8BE800BAD9CD /* Frameworks */ = {
			isa = PBXGroup;
			children = (
				3938FC011C8F8BE200BAD9CD /* libc++.tbd */,
				3938FBFF1C8F8BDA00BAD9CD /* libicucore.tbd */,
				3938FBF41C8F8BA600BAD9CD /* Firebase.framework */,
				3938FBFD1C8F8BD400BAD9CD /* CFNetwork.framework */,
				3938FBFB1C8F8BC600BAD9CD /* SystemConfiguration.framework */,
				3938FBF91C8F8BBF00BAD9CD /* Security.framework */,
			);
			name = Frameworks;
			sourceTree = "<group>";
		};
		3938FC0C1C8F8D5D00BAD9CD /* Model Controllers */ = {
			isa = PBXGroup;
			children = (
				3938FBF21C8F8B7C00BAD9CD /* FirebaseController.swift */,
				3938FC041C8F8D1100BAD9CD /* UserController.swift */,
				3938FC061C8F8D2100BAD9CD /* GroupController.swift */,
				3938FC081C8F8D2900BAD9CD /* ConversationController.swift */,
				3938FC0D1C8F993700BAD9CD /* MessageController.swift */,
				39FC76C21CB586F500BCE1A8 /* ImageController.swift */,
			);
			name = "Model Controllers";
			sourceTree = "<group>";
		};
/* End PBXGroup section */

/* Begin PBXNativeTarget section */
		3938FBC51C8F7BEE00BAD9CD /* GroupToGroup */ = {
			isa = PBXNativeTarget;
			buildConfigurationList = 3938FBD81C8F7BEE00BAD9CD /* Build configuration list for PBXNativeTarget "GroupToGroup" */;
			buildPhases = (
				3938FBC21C8F7BEE00BAD9CD /* Sources */,
				3938FBC31C8F7BEE00BAD9CD /* Frameworks */,
				3938FBC41C8F7BEE00BAD9CD /* Resources */,
				3938FBF81C8F8BAE00BAD9CD /* Embed Frameworks */,
			);
			buildRules = (
			);
			dependencies = (
			);
			name = GroupToGroup;
			productName = GroupToGroup;
			productReference = 3938FBC61C8F7BEE00BAD9CD /* GroupToGroup.app */;
			productType = "com.apple.product-type.application";
		};
/* End PBXNativeTarget section */

/* Begin PBXProject section */
		3938FBBE1C8F7BEE00BAD9CD /* Project object */ = {
			isa = PBXProject;
			attributes = {
				LastSwiftUpdateCheck = 0730;
				LastUpgradeCheck = 0720;
				ORGANIZATIONNAME = "Daniel Dickson";
				TargetAttributes = {
					3938FBC51C8F7BEE00BAD9CD = {
						CreatedOnToolsVersion = 7.2.1;
					};
				};
			};
			buildConfigurationList = 3938FBC11C8F7BEE00BAD9CD /* Build configuration list for PBXProject "GroupToGroup" */;
			compatibilityVersion = "Xcode 3.2";
			developmentRegion = English;
			hasScannedForEncodings = 0;
			knownRegions = (
				en,
				Base,
			);
			mainGroup = 3938FBBD1C8F7BEE00BAD9CD;
			productRefGroup = 3938FBC71C8F7BEE00BAD9CD /* Products */;
			projectDirPath = "";
			projectRoot = "";
			targets = (
				3938FBC51C8F7BEE00BAD9CD /* GroupToGroup */,
			);
		};
/* End PBXProject section */

/* Begin PBXResourcesBuildPhase section */
		3938FBC41C8F7BEE00BAD9CD /* Resources */ = {
			isa = PBXResourcesBuildPhase;
			buildActionMask = 2147483647;
			files = (
				3938FBD41C8F7BEE00BAD9CD /* LaunchScreen.storyboard in Resources */,
				3938FBD11C8F7BEE00BAD9CD /* Assets.xcassets in Resources */,
				3938FBCF1C8F7BEE00BAD9CD /* Main.storyboard in Resources */,
			);
			runOnlyForDeploymentPostprocessing = 0;
		};
/* End PBXResourcesBuildPhase section */

/* Begin PBXSourcesBuildPhase section */
		3938FBC21C8F7BEE00BAD9CD /* Sources */ = {
			isa = PBXSourcesBuildPhase;
			buildActionMask = 2147483647;
			files = (
				3938FBEB1C8F875300BAD9CD /* Group.swift in Sources */,
				3938FC071C8F8D2100BAD9CD /* GroupController.swift in Sources */,
				3938FBDE1C8F809100BAD9CD /* SignUpViewController.swift in Sources */,
				3938FC0B1C8F8D5500BAD9CD /* Conversation.swift in Sources */,
				3938FBE41C8F810800BAD9CD /* GroupChatsListTableViewController.swift in Sources */,
				394D73221CA9C4AA00505DDD /* ChatTableViewCell.swift in Sources */,
				3938FBDC1C8F806E00BAD9CD /* LoginViewController.swift in Sources */,
				3938FBE91C8F874A00BAD9CD /* User.swift in Sources */,
				3938FC051C8F8D1100BAD9CD /* UserController.swift in Sources */,
				3918B42D1CA361E200E16407 /* GroupsSearchResultsTableViewController.swift in Sources */,
				3938FBE21C8F80EA00BAD9CD /* AddGroupTableViewController.swift in Sources */,
				392A9D141CA48D8D00964522 /* ChatViewController.swift in Sources */,
				396BE9FC1CAB16A3004DB4F1 /* ConversationListTableViewCell.swift in Sources */,
				39FC76C31CB586F500BCE1A8 /* ImageController.swift in Sources */,
				3938FBF11C8F8A7B00BAD9CD /* Message.swift in Sources */,
				3918B42F1CA3651E00E16407 /* GroupProfileViewController.swift in Sources */,
				3938FC0E1C8F993700BAD9CD /* MessageController.swift in Sources */,
				3938FBCA1C8F7BEE00BAD9CD /* AppDelegate.swift in Sources */,
				3938FBF31C8F8B7C00BAD9CD /* FirebaseController.swift in Sources */,
				394D73241CA9CC2100505DDD /* ColorPallet.swift in Sources */,
				3905D1741CB305EC00D6ABE6 /* SWRevealViewController.m in Sources */,
				3938FC091C8F8D2900BAD9CD /* ConversationController.swift in Sources */,
				3938FBE01C8F80CC00BAD9CD /* YourGroupsViewController.swift in Sources */,
				39FC76CB1CB5E9D000BCE1A8 /* GroupProfileTableViewCell.swift in Sources */,
				39FC76C51CB58AA300BCE1A8 /* SettingsViewController.swift in Sources */,
				39FC76C91CB5CB2400BCE1A8 /* Image.swift in Sources */,
			);
			runOnlyForDeploymentPostprocessing = 0;
		};
/* End PBXSourcesBuildPhase section */

/* Begin PBXVariantGroup section */
		3938FBCD1C8F7BEE00BAD9CD /* Main.storyboard */ = {
			isa = PBXVariantGroup;
			children = (
				3938FBCE1C8F7BEE00BAD9CD /* Base */,
			);
			name = Main.storyboard;
			sourceTree = "<group>";
		};
		3938FBD21C8F7BEE00BAD9CD /* LaunchScreen.storyboard */ = {
			isa = PBXVariantGroup;
			children = (
				3938FBD31C8F7BEE00BAD9CD /* Base */,
			);
			name = LaunchScreen.storyboard;
			sourceTree = "<group>";
		};
/* End PBXVariantGroup section */

/* Begin XCBuildConfiguration section */
		3938FBD61C8F7BEE00BAD9CD /* Debug */ = {
			isa = XCBuildConfiguration;
			buildSettings = {
				ALWAYS_SEARCH_USER_PATHS = NO;
				CLANG_CXX_LANGUAGE_STANDARD = "gnu++0x";
				CLANG_CXX_LIBRARY = "libc++";
				CLANG_ENABLE_MODULES = YES;
				CLANG_ENABLE_OBJC_ARC = YES;
				CLANG_WARN_BOOL_CONVERSION = YES;
				CLANG_WARN_CONSTANT_CONVERSION = YES;
				CLANG_WARN_DIRECT_OBJC_ISA_USAGE = YES_ERROR;
				CLANG_WARN_EMPTY_BODY = YES;
				CLANG_WARN_ENUM_CONVERSION = YES;
				CLANG_WARN_INT_CONVERSION = YES;
				CLANG_WARN_OBJC_ROOT_CLASS = YES_ERROR;
				CLANG_WARN_UNREACHABLE_CODE = YES;
				CLANG_WARN__DUPLICATE_METHOD_MATCH = YES;
				"CODE_SIGN_IDENTITY[sdk=iphoneos*]" = "iPhone Developer";
				COPY_PHASE_STRIP = NO;
				DEBUG_INFORMATION_FORMAT = dwarf;
				ENABLE_STRICT_OBJC_MSGSEND = YES;
				ENABLE_TESTABILITY = YES;
				GCC_C_LANGUAGE_STANDARD = gnu99;
				GCC_DYNAMIC_NO_PIC = NO;
				GCC_NO_COMMON_BLOCKS = YES;
				GCC_OPTIMIZATION_LEVEL = 0;
				GCC_PREPROCESSOR_DEFINITIONS = (
					"DEBUG=1",
					"$(inherited)",
				);
				GCC_WARN_64_TO_32_BIT_CONVERSION = YES;
				GCC_WARN_ABOUT_RETURN_TYPE = YES_ERROR;
				GCC_WARN_UNDECLARED_SELECTOR = YES;
				GCC_WARN_UNINITIALIZED_AUTOS = YES_AGGRESSIVE;
				GCC_WARN_UNUSED_FUNCTION = YES;
				GCC_WARN_UNUSED_VARIABLE = YES;
				IPHONEOS_DEPLOYMENT_TARGET = 9.2;
				MTL_ENABLE_DEBUG_INFO = YES;
				ONLY_ACTIVE_ARCH = YES;
				SDKROOT = iphoneos;
				SWIFT_OPTIMIZATION_LEVEL = "-Onone";
			};
			name = Debug;
		};
		3938FBD71C8F7BEE00BAD9CD /* Release */ = {
			isa = XCBuildConfiguration;
			buildSettings = {
				ALWAYS_SEARCH_USER_PATHS = NO;
				CLANG_CXX_LANGUAGE_STANDARD = "gnu++0x";
				CLANG_CXX_LIBRARY = "libc++";
				CLANG_ENABLE_MODULES = YES;
				CLANG_ENABLE_OBJC_ARC = YES;
				CLANG_WARN_BOOL_CONVERSION = YES;
				CLANG_WARN_CONSTANT_CONVERSION = YES;
				CLANG_WARN_DIRECT_OBJC_ISA_USAGE = YES_ERROR;
				CLANG_WARN_EMPTY_BODY = YES;
				CLANG_WARN_ENUM_CONVERSION = YES;
				CLANG_WARN_INT_CONVERSION = YES;
				CLANG_WARN_OBJC_ROOT_CLASS = YES_ERROR;
				CLANG_WARN_UNREACHABLE_CODE = YES;
				CLANG_WARN__DUPLICATE_METHOD_MATCH = YES;
				"CODE_SIGN_IDENTITY[sdk=iphoneos*]" = "iPhone Developer";
				COPY_PHASE_STRIP = NO;
				DEBUG_INFORMATION_FORMAT = "dwarf-with-dsym";
				ENABLE_NS_ASSERTIONS = NO;
				ENABLE_STRICT_OBJC_MSGSEND = YES;
				GCC_C_LANGUAGE_STANDARD = gnu99;
				GCC_NO_COMMON_BLOCKS = YES;
				GCC_WARN_64_TO_32_BIT_CONVERSION = YES;
				GCC_WARN_ABOUT_RETURN_TYPE = YES_ERROR;
				GCC_WARN_UNDECLARED_SELECTOR = YES;
				GCC_WARN_UNINITIALIZED_AUTOS = YES_AGGRESSIVE;
				GCC_WARN_UNUSED_FUNCTION = YES;
				GCC_WARN_UNUSED_VARIABLE = YES;
				IPHONEOS_DEPLOYMENT_TARGET = 9.2;
				MTL_ENABLE_DEBUG_INFO = NO;
				SDKROOT = iphoneos;
				VALIDATE_PRODUCT = YES;
			};
			name = Release;
		};
		3938FBD91C8F7BEE00BAD9CD /* Debug */ = {
			isa = XCBuildConfiguration;
			buildSettings = {
				ASSETCATALOG_COMPILER_APPICON_NAME = AppIcon;
				CLANG_ENABLE_MODULES = YES;
				FRAMEWORK_SEARCH_PATHS = (
					"$(inherited)",
					"$(PROJECT_DIR)/GroupToGroup",
				);
				INFOPLIST_FILE = GroupToGroup/Info.plist;
				LD_RUNPATH_SEARCH_PATHS = "$(inherited) @executable_path/Frameworks";
				PRODUCT_BUNDLE_IDENTIFIER = com.devMountain.GroupToGroup;
				PRODUCT_NAME = "$(TARGET_NAME)";
				SWIFT_OBJC_BRIDGING_HEADER = "GroupToGroup/GroupToGroup-Bridging-Header.h";
				SWIFT_OPTIMIZATION_LEVEL = "-Onone";
			};
			name = Debug;
		};
		3938FBDA1C8F7BEE00BAD9CD /* Release */ = {
			isa = XCBuildConfiguration;
			buildSettings = {
				ASSETCATALOG_COMPILER_APPICON_NAME = AppIcon;
				CLANG_ENABLE_MODULES = YES;
				FRAMEWORK_SEARCH_PATHS = (
					"$(inherited)",
					"$(PROJECT_DIR)/GroupToGroup",
				);
				INFOPLIST_FILE = GroupToGroup/Info.plist;
				LD_RUNPATH_SEARCH_PATHS = "$(inherited) @executable_path/Frameworks";
				PRODUCT_BUNDLE_IDENTIFIER = com.devMountain.GroupToGroup;
				PRODUCT_NAME = "$(TARGET_NAME)";
				SWIFT_OBJC_BRIDGING_HEADER = "GroupToGroup/GroupToGroup-Bridging-Header.h";
			};
			name = Release;
		};
/* End XCBuildConfiguration section */

/* Begin XCConfigurationList section */
		3938FBC11C8F7BEE00BAD9CD /* Build configuration list for PBXProject "GroupToGroup" */ = {
			isa = XCConfigurationList;
			buildConfigurations = (
				3938FBD61C8F7BEE00BAD9CD /* Debug */,
				3938FBD71C8F7BEE00BAD9CD /* Release */,
			);
			defaultConfigurationIsVisible = 0;
			defaultConfigurationName = Release;
		};
		3938FBD81C8F7BEE00BAD9CD /* Build configuration list for PBXNativeTarget "GroupToGroup" */ = {
			isa = XCConfigurationList;
			buildConfigurations = (
				3938FBD91C8F7BEE00BAD9CD /* Debug */,
				3938FBDA1C8F7BEE00BAD9CD /* Release */,
			);
			defaultConfigurationIsVisible = 0;
			defaultConfigurationName = Release;
		};
/* End XCConfigurationList section */
	};
	rootObject = 3938FBBE1C8F7BEE00BAD9CD /* Project object */;
}
